
Microsoft Visual Studio Solution File, Format Version 12.00
# Visual Studio Version 17
VisualStudioVersion = 17.12.35514.174
MinimumVisualStudioVersion = 10.0.40219.1
Project("{FAE04EC0-301F-11D3-BF4B-00C04F79EFBC}") = "Backend", "Backend\Backend.csproj", "{A5763B96-026B-4553-AFE7-B5C0B7986D46}"
EndProject
Project("{2150E333-8FDC-42A3-9474-1A3956D46DE8}") = "DBScripts", "DBScripts", "{F9B0E448-7700-4671-BBE0-4BBE1DADBB36}"
	ProjectSection(SolutionItems) = preProject
		ScriptsCriacao.sql = ScriptsCriacao.sql
	EndProjectSection
EndProject
Global
	GlobalSection(SolutionConfigurationPlatforms) = preSolution
		Debug|Any CPU = Debug|Any CPU
		Release|Any CPU = Release|Any CPU
	EndGlobalSection
	GlobalSection(ProjectConfigurationPlatforms) = postSolution
		{A5763B96-026B-4553-AFE7-B5C0B7986D46}.Debug|Any CPU.ActiveCfg = Debug|Any CPU
		{A5763B96-026B-4553-AFE7-B5C0B7986D46}.Debug|Any CPU.Build.0 = Debug|Any CPU
		{A5763B96-026B-4553-AFE7-B5C0B7986D46}.Release|Any CPU.ActiveCfg = Release|Any CPU
		{A5763B96-026B-4553-AFE7-B5C0B7986D46}.Release|Any CPU.Build.0 = Release|Any CPU
	EndGlobalSection
	GlobalSection(SolutionProperties) = preSolution
		HideSolutionNode = FALSE
	EndGlobalSection
EndGlobal
